
Microsoft Visual Studio Solution File, Format Version 12.00
# Visual Studio Version 17
VisualStudioVersion = 17.10.35027.167
MinimumVisualStudioVersion = 10.0.40219.1
Project("{FAE04EC0-301F-11D3-BF4B-00C04F79EFBC}") = "snake", "snake\snake.csproj", "{40183927-0050-43FE-872C-17A897FE70C9}"
EndProject
Global
	GlobalSection(SolutionConfigurationPlatforms) = preSolution
		Debug|Any CPU = Debug|Any CPU
		Release|Any CPU = Release|Any CPU
	EndGlobalSection
	GlobalSection(ProjectConfigurationPlatforms) = postSolution
		{40183927-0050-43FE-872C-17A897FE70C9}.Debug|Any CPU.ActiveCfg = Debug|Any CPU
		{40183927-0050-43FE-872C-17A897FE70C9}.Debug|Any CPU.Build.0 = Debug|Any CPU
		{40183927-0050-43FE-872C-17A897FE70C9}.Release|Any CPU.ActiveCfg = Release|Any CPU
		{40183927-0050-43FE-872C-17A897FE70C9}.Release|Any CPU.Build.0 = Release|Any CPU
	EndGlobalSection
	GlobalSection(SolutionProperties) = preSolution
		HideSolutionNode = FALSE
	EndGlobalSection
	GlobalSection(ExtensibilityGlobals) = postSolution
		SolutionGuid = {73A7AC52-2B77-4D96-999A-53284F71C8BE}
	EndGlobalSection
EndGlobal
